github.com/mattn/go-runewidth v0.0.4 h1:2BvfKmzob6Bmd4YsL0zygOqfdFnK7GR4QL06Do4/p7Y=
github.com/mattn/go-runewidth v0.0.4/go.mod h1:LwmH8dsx7+W8Uxz3IHJYH5QSwggIsqBzpuz5H//U1FU=
github.com/olekukonko/tablewriter v0.0.1 h1:b3iUnf1v+ppJiOfNX4yxxqfWKMQPZR5yoh8urCTFX88=
github.com/olekukonko/tablewriter v0.0.1/go.mod h1:vsDQFd/mU46D+Z4whnwzcISnGGzXWMclvtLoiIKAKIo=
github.com/ssor/bom v0.0.0-20170718123548-6386211fdfcf h1:pvbZ0lM0XWPBqUKqFU8cmavspvIl9nulOYwdy6IFRRo=
github.com/ssor/bom v0.0.0-20170718123548-6386211fdfcf/go.mod h1:RJID2RhlZKId02nZ62WenDCkgHFerpIOmW0iT7GKmXM=
golang.org/x/net v0.0.0-20190301231341-16b79f2e4e95 h1:fY7Dsw114eJN4boqzVSbpVHO6rTdhq6/GnXeu+PKnzU=
golang.org/x/net v0.0.0-20190301231341-16b79f2e4e95/go.mod h1:mL1N/T3taQHkDXs73rZJwtUhF3w3ftmwwsq0BUmARs4=
